
Microsoft Visual Studio Solution File, Format Version 12.00
# Visual Studio Version 16
VisualStudioVersion = 16.0.31911.196
MinimumVisualStudioVersion = 10.0.40219.1
Project("{9A19103F-16F7-4668-BE54-9A1E7A4F7556}") = "BackEnd", "BackEnd\BackEnd.csproj", "{46946EE7-3C9A-4BA6-8295-220F6CDCB155}"
EndProject
Project("{9A19103F-16F7-4668-BE54-9A1E7A4F7556}") = "FrontEnd", "FrontEnd\FrontEnd.csproj", "{468C94F0-39EA-4457-BFFA-F5CF938F6735}"
EndProject
Project("{E53339B2-1760-4266-BCC7-CA923CBCF16C}") = "docker-compose", "docker-compose.dcproj", "{6314EA13-FC1D-4178-B82E-C58C0969D6DA}"
EndProject
Global
	GlobalSection(SolutionConfigurationPlatforms) = preSolution
		Debug|Any CPU = Debug|Any CPU
		Release|Any CPU = Release|Any CPU
	EndGlobalSection
	GlobalSection(ProjectConfigurationPlatforms) = postSolution
		{46946EE7-3C9A-4BA6-8295-220F6CDCB155}.Debug|Any CPU.ActiveCfg = Debug|Any CPU
		{46946EE7-3C9A-4BA6-8295-220F6CDCB155}.Debug|Any CPU.Build.0 = Debug|Any CPU
		{46946EE7-3C9A-4BA6-8295-220F6CDCB155}.Release|Any CPU.ActiveCfg = Release|Any CPU
		{46946EE7-3C9A-4BA6-8295-220F6CDCB155}.Release|Any CPU.Build.0 = Release|Any CPU
		{468C94F0-39EA-4457-BFFA-F5CF938F6735}.Debug|Any CPU.ActiveCfg = Debug|Any CPU
		{468C94F0-39EA-4457-BFFA-F5CF938F6735}.Debug|Any CPU.Build.0 = Debug|Any CPU
		{468C94F0-39EA-4457-BFFA-F5CF938F6735}.Release|Any CPU.ActiveCfg = Release|Any CPU
		{468C94F0-39EA-4457-BFFA-F5CF938F6735}.Release|Any CPU.Build.0 = Release|Any CPU
		{6314EA13-FC1D-4178-B82E-C58C0969D6DA}.Debug|Any CPU.ActiveCfg = Debug|Any CPU
		{6314EA13-FC1D-4178-B82E-C58C0969D6DA}.Debug|Any CPU.Build.0 = Debug|Any CPU
		{6314EA13-FC1D-4178-B82E-C58C0969D6DA}.Release|Any CPU.ActiveCfg = Release|Any CPU
		{6314EA13-FC1D-4178-B82E-C58C0969D6DA}.Release|Any CPU.Build.0 = Release|Any CPU
	EndGlobalSection
	GlobalSection(SolutionProperties) = preSolution
		HideSolutionNode = FALSE
	EndGlobalSection
	GlobalSection(ExtensibilityGlobals) = postSolution
		SolutionGuid = {B1077C48-F820-4247-B2F6-7D45D3F015A2}
	EndGlobalSection
EndGlobal
